# This file is automatically @generated by Cargo.
# It is not intended for manual editing.
[[package]]
name = "ahash"
version = "0.3.8"
source = "registry+https://github.com/rust-lang/crates.io-index"
checksum = "e8fd72866655d1904d6b0997d0b07ba561047d070fbe29de039031c641b61217"

[[package]]
name = "autocfg"
version = "1.0.1"
source = "registry+https://github.com/rust-lang/crates.io-index"
checksum = "cdb031dd78e28731d87d56cc8ffef4a8f36ca26c38fe2de700543e627f8a464a"

[[package]]
name = "hashbrown"
version = "0.8.2"
source = "registry+https://github.com/rust-lang/crates.io-index"
checksum = "e91b62f79061a0bc2e046024cb7ba44b08419ed238ecbd9adbd787434b9e8c25"
dependencies = [
 "ahash",
 "autocfg",
]

[[package]]
name = "no-std-compat"
version = "0.4.1"
source = "registry+https://github.com/rust-lang/crates.io-index"
checksum = "b93853da6d84c2e3c7d730d6473e8817692dd89be387eb01b94d7f108ecb5b8c"
dependencies = [
 "hashbrown",
 "spin",
]

[[package]]
name = "spec-test"
version = "0.1.0"
dependencies = [
 "wain-ast",
 "wain-exec",
 "wain-syntax-binary",
 "wain-syntax-text",
 "wain-validate",
]

[[package]]
name = "spin"
version = "0.5.2"
source = "registry+https://github.com/rust-lang/crates.io-index"
checksum = "6e63cff320ae2c57904679ba7cb63280a3dc4613885beafb148ee7bf9aa9042d"

[[package]]
name = "wain"
version = "0.1.6"
dependencies = [
 "wain-ast",
 "wain-exec",
 "wain-syntax-binary",
 "wain-syntax-text",
 "wain-validate",
]

[[package]]
name = "wain-ast"
version = "0.2.1"
dependencies = [
 "no-std-compat",
]

[[package]]
name = "wain-exec"
version = "0.3.0"
dependencies = [
 "no-std-compat",
 "wain-ast",
 "wain-syntax-text",
 "wain-validate",
]

[[package]]
name = "wain-syntax-binary"
version = "0.1.4"
dependencies = [
 "no-std-compat",
 "wain-ast",
]

[[package]]
name = "wain-syntax-text"
version = "0.2.0"
dependencies = [
 "no-std-compat",
 "wain-ast",
]

[[package]]
name = "wain-validate"
version = "0.1.4"
dependencies = [
 "no-std-compat",
 "wain-ast",
]
